
Microsoft Visual Studio Solution File, Format Version 10.00
# Visual C++ Express 2008
Project("{8BC9CEB8-8B4A-11D0-8D11-00A0C91BC942}") = "enginebuild", "enginebuild.vcproj", "{397EE2EB-70D9-4750-AC66-476E922B8ABA}"
EndProject
Global
	GlobalSection(SolutionConfigurationPlatforms) = preSolution
		Debug|Win32 = Debug|Win32
		Release|Win32 = Release|Win32
	EndGlobalSection
	GlobalSection(ProjectConfigurationPlatforms) = postSolution
		{397EE2EB-70D9-4750-AC66-476E922B8ABA}.Debug|Win32.ActiveCfg = Debug|Win32
		{397EE2EB-70D9-4750-AC66-476E922B8ABA}.Debug|Win32.Build.0 = Debug|Win32
		{397EE2EB-70D9-4750-AC66-476E922B8ABA}.Release|Win32.ActiveCfg = Release|Win32
		{397EE2EB-70D9-4750-AC66-476E922B8ABA}.Release|Win32.Build.0 = Release|Win32
	EndGlobalSection
	GlobalSection(SolutionProperties) = preSolution
		HideSolutionNode = FALSE
	EndGlobalSection
EndGlobal
